// !$*UTF8*$!
{
	archiveVersion = 1;
	classes = {
	};
	objectVersion = 50;
	objects = {

/* Begin PBXBuildFile section */
		63619D622707DDF1000EF22D /* AppDelegate.swift in Sources */ = {isa = PBXBuildFile; fileRef = 63619D612707DDF1000EF22D /* AppDelegate.swift */; };
		63619D642707DDF1000EF22D /* SceneDelegate.swift in Sources */ = {isa = PBXBuildFile; fileRef = 63619D632707DDF1000EF22D /* SceneDelegate.swift */; };
		63619D662707DDF1000EF22D /* ViewController.swift in Sources */ = {isa = PBXBuildFile; fileRef = 63619D652707DDF1000EF22D /* ViewController.swift */; };
		63619D692707DDF1000EF22D /* Main.storyboard in Resources */ = {isa = PBXBuildFile; fileRef = 63619D672707DDF1000EF22D /* Main.storyboard */; };
		63619D6B2707DDF5000EF22D /* Assets.xcassets in Resources */ = {isa = PBXBuildFile; fileRef = 63619D6A2707DDF5000EF22D /* Assets.xcassets */; };
		63619D6E2707DDF5000EF22D /* LaunchScreen.storyboard in Resources */ = {isa = PBXBuildFile; fileRef = 63619D6C2707DDF5000EF22D /* LaunchScreen.storyboard */; };
		63619D792707DDF5000EF22D /* RxSwiftDemoTests.swift in Sources */ = {isa = PBXBuildFile; fileRef = 63619D782707DDF5000EF22D /* RxSwiftDemoTests.swift */; };
		63619D842707DDF5000EF22D /* RxSwiftDemoUITests.swift in Sources */ = {isa = PBXBuildFile; fileRef = 63619D832707DDF5000EF22D /* RxSwiftDemoUITests.swift */; };
		648F831AE30E4F461C8BECEB /* Pods_RxSwiftDemo.framework in Frameworks */ = {isa = PBXBuildFile; fileRef = D42B1DCD27279DFF4DBC4741 /* Pods_RxSwiftDemo.framework */; };
/* End PBXBuildFile section */

/* Begin PBXContainerItemProxy section */
		63619D752707DDF5000EF22D /* PBXContainerItemProxy */ = {
			isa = PBXContainerItemProxy;
			containerPortal = 63619D562707DDF1000EF22D /* Project object */;
			proxyType = 1;
			remoteGlobalIDString = 63619D5D2707DDF1000EF22D;
			remoteInfo = RxSwiftDemo;
		};
		63619D802707DDF5000EF22D /* PBXContainerItemProxy */ = {
			isa = PBXContainerItemProxy;
			containerPortal = 63619D562707DDF1000EF22D /* Project object */;
			proxyType = 1;
			remoteGlobalIDString = 63619D5D2707DDF1000EF22D;
			remoteInfo = RxSwiftDemo;
		};
/* End PBXContainerItemProxy section */

/* Begin PBXFileReference section */
		63619D5E2707DDF1000EF22D /* RxSwiftDemo.app */ = {isa = PBXFileReference; explicitFileType = wrapper.application; includeInIndex = 0; path = RxSwiftDemo.app; sourceTree = BUILT_PRODUCTS_DIR; };
		63619D612707DDF1000EF22D /* AppDelegate.swift */ = {isa = PBXFileReference; lastKnownFileType = sourcecode.swift; path = AppDelegate.swift; sourceTree = "<group>"; };
		63619D632707DDF1000EF22D /* SceneDelegate.swift */ = {isa = PBXFileReference; lastKnownFileType = sourcecode.swift; path = SceneDelegate.swift; sourceTree = "<group>"; };
		63619D652707DDF1000EF22D /* ViewController.swift */ = {isa = PBXFileReference; lastKnownFileType = sourcecode.swift; path = ViewController.swift; sourceTree = "<group>"; };
		63619D682707DDF1000EF22D /* Base */ = {isa = PBXFileReference; lastKnownFileType = file.storyboard; name = Base; path = Base.lproj/Main.storyboard; sourceTree = "<group>"; };
		63619D6A2707DDF5000EF22D /* Assets.xcassets */ = {isa = PBXFileReference; lastKnownFileType = folder.assetcatalog; path = Assets.xcassets; sourceTree = "<group>"; };
		63619D6D2707DDF5000EF22D /* Base */ = {isa = PBXFileReference; lastKnownFileType = file.storyboard; name = Base; path = Base.lproj/LaunchScreen.storyboard; sourceTree = "<group>"; };
		63619D6F2707DDF5000EF22D /* Info.plist */ = {isa = PBXFileReference; lastKnownFileType = text.plist.xml; path = Info.plist; sourceTree = "<group>"; };
		63619D742707DDF5000EF22D /* RxSwiftDemoTests.xctest */ = {isa = PBXFileReference; explicitFileType = wrapper.cfbundle; includeInIndex = 0; path = RxSwiftDemoTests.xctest; sourceTree = BUILT_PRODUCTS_DIR; };
		63619D782707DDF5000EF22D /* RxSwiftDemoTests.swift */ = {isa = PBXFileReference; lastKnownFileType = sourcecode.swift; path = RxSwiftDemoTests.swift; sourceTree = "<group>"; };
		63619D7A2707DDF5000EF22D /* Info.plist */ = {isa = PBXFileReference; lastKnownFileType = text.plist.xml; path = Info.plist; sourceTree = "<group>"; };
		63619D7F2707DDF5000EF22D /* RxSwiftDemoUITests.xctest */ = {isa = PBXFileReference; explicitFileType = wrapper.cfbundle; includeInIndex = 0; path = RxSwiftDemoUITests.xctest; sourceTree = BUILT_PRODUCTS_DIR; };
		63619D832707DDF5000EF22D /* RxSwiftDemoUITests.swift */ = {isa = PBXFileReference; lastKnownFileType = sourcecode.swift; path = RxSwiftDemoUITests.swift; sourceTree = "<group>"; };
		63619D852707DDF6000EF22D /* Info.plist */ = {isa = PBXFileReference; lastKnownFileType = text.plist.xml; path = Info.plist; sourceTree = "<group>"; };
		6DCCDDBA3CEEB7E5D99E4B32 /* Pods-RxSwiftDemo.release.xcconfig */ = {isa = PBXFileReference; includeInIndex = 1; lastKnownFileType = text.xcconfig; name = "Pods-RxSwiftDemo.release.xcconfig"; path = "Target Support Files/Pods-RxSwiftDemo/Pods-RxSwiftDemo.release.xcconfig"; sourceTree = "<group>"; };
		C112B172612D47EF599D8C96 /* Pods-RxSwiftDemo.debug.xcconfig */ = {isa = PBXFileReference; includeInIndex = 1; lastKnownFileType = text.xcconfig; name = "Pods-RxSwiftDemo.debug.xcconfig"; path = "Target Support Files/Pods-RxSwiftDemo/Pods-RxSwiftDemo.debug.xcconfig"; sourceTree = "<group>"; };
		D42B1DCD27279DFF4DBC4741 /* Pods_RxSwiftDemo.framework */ = {isa = PBXFileReference; explicitFileType = wrapper.framework; includeInIndex = 0; path = Pods_RxSwiftDemo.framework; sourceTree = BUILT_PRODUCTS_DIR; };
/* End PBXFileReference section */

/* Begin PBXFrameworksBuildPhase section */
		63619D5B2707DDF1000EF22D /* Frameworks */ = {
			isa = PBXFrameworksBuildPhase;
			buildActionMask = 2147483647;
			files = (
				648F831AE30E4F461C8BECEB /* Pods_RxSwiftDemo.framework in Frameworks */,
			);
			runOnlyForDeploymentPostprocessing = 0;
		};
		63619D712707DDF5000EF22D /* Frameworks */ = {
			isa = PBXFrameworksBuildPhase;
			buildActionMask = 2147483647;
			files = (
			);
			runOnlyForDeploymentPostprocessing = 0;
		};
		63619D7C2707DDF5000EF22D /* Frameworks */ = {
			isa = PBXFrameworksBuildPhase;
			buildActionMask = 2147483647;
			files = (
			);
			runOnlyForDeploymentPostprocessing = 0;
		};
/* End PBXFrameworksBuildPhase section */

/* Begin PBXGroup section */
		1AA1AE4649E6CCA93A06D1E2 /* Frameworks */ = {
			isa = PBXGroup;
			children = (
				D42B1DCD27279DFF4DBC4741 /* Pods_RxSwiftDemo.framework */,
			);
			name = Frameworks;
			sourceTree = "<group>";
		};
		63619D552707DDF1000EF22D = {
			isa = PBXGroup;
			children = (
				63619D602707DDF1000EF22D /* RxSwiftDemo */,
				63619D772707DDF5000EF22D /* RxSwiftDemoTests */,
				63619D822707DDF5000EF22D /* RxSwiftDemoUITests */,
				63619D5F2707DDF1000EF22D /* Products */,
				8EDBDCCBEDEDFD5C2279D034 /* Pods */,
				1AA1AE4649E6CCA93A06D1E2 /* Frameworks */,
			);
			sourceTree = "<group>";
		};
		63619D5F2707DDF1000EF22D /* Products */ = {
			isa = PBXGroup;
			children = (
				63619D5E2707DDF1000EF22D /* RxSwiftDemo.app */,
				63619D742707DDF5000EF22D /* RxSwiftDemoTests.xctest */,
				63619D7F2707DDF5000EF22D /* RxSwiftDemoUITests.xctest */,
			);
			name = Products;
			sourceTree = "<group>";
		};
		63619D602707DDF1000EF22D /* RxSwiftDemo */ = {
			isa = PBXGroup;
			children = (
				63619D612707DDF1000EF22D /* AppDelegate.swift */,
				63619D632707DDF1000EF22D /* SceneDelegate.swift */,
				63619D652707DDF1000EF22D /* ViewController.swift */,
				63619D672707DDF1000EF22D /* Main.storyboard */,
				63619D6A2707DDF5000EF22D /* Assets.xcassets */,
				63619D6C2707DDF5000EF22D /* LaunchScreen.storyboard */,
				63619D6F2707DDF5000EF22D /* Info.plist */,
			);
			path = RxSwiftDemo;
			sourceTree = "<group>";
		};
		63619D772707DDF5000EF22D /* RxSwiftDemoTests */ = {
			isa = PBXGroup;
			children = (
				63619D782707DDF5000EF22D /* RxSwiftDemoTests.swift */,
				63619D7A2707DDF5000EF22D /* Info.plist */,
			);
			path = RxSwiftDemoTests;
			sourceTree = "<group>";
		};
		63619D822707DDF5000EF22D /* RxSwiftDemoUITests */ = {
			isa = PBXGroup;
			children = (
				63619D832707DDF5000EF22D /* RxSwiftDemoUITests.swift */,
				63619D852707DDF6000EF22D /* Info.plist */,
			);
			path = RxSwiftDemoUITests;
			sourceTree = "<group>";
		};
		8EDBDCCBEDEDFD5C2279D034 /* Pods */ = {
			isa = PBXGroup;
			children = (
				C112B172612D47EF599D8C96 /* Pods-RxSwiftDemo.debug.xcconfig */,
				6DCCDDBA3CEEB7E5D99E4B32 /* Pods-RxSwiftDemo.release.xcconfig */,
			);
			name = Pods;
			path = Pods;
			sourceTree = "<group>";
		};
/* End PBXGroup section */

/* Begin PBXNativeTarget section */
		63619D5D2707DDF1000EF22D /* RxSwiftDemo */ = {
			isa = PBXNativeTarget;
			buildConfigurationList = 63619D882707DDF6000EF22D /* Build configuration list for PBXNativeTarget "RxSwiftDemo" */;
			buildPhases = (
				E1524A970036C6393F793CC6 /* [CP] Check Pods Manifest.lock */,
				63619D5A2707DDF1000EF22D /* Sources */,
				63619D5B2707DDF1000EF22D /* Frameworks */,
				63619D5C2707DDF1000EF22D /* Resources */,
				D2365FC71A221B8FF2A0903E /* [CP] Embed Pods Frameworks */,
			);
			buildRules = (
			);
			dependencies = (
			);
			name = RxSwiftDemo;
			productName = RxSwiftDemo;
			productReference = 63619D5E2707DDF1000EF22D /* RxSwiftDemo.app */;
			productType = "com.apple.product-type.application";
		};
		63619D732707DDF5000EF22D /* RxSwiftDemoTests */ = {
			isa = PBXNativeTarget;
			buildConfigurationList = 63619D8B2707DDF6000EF22D /* Build configuration list for PBXNativeTarget "RxSwiftDemoTests" */;
			buildPhases = (
				63619D702707DDF5000EF22D /* Sources */,
				63619D712707DDF5000EF22D /* Frameworks */,
				63619D722707DDF5000EF22D /* Resources */,
			);
			buildRules = (
			);
			dependencies = (
				63619D762707DDF5000EF22D /* PBXTargetDependency */,
			);
			name = RxSwiftDemoTests;
			productName = RxSwiftDemoTests;
			productReference = 63619D742707DDF5000EF22D /* RxSwiftDemoTests.xctest */;
			productType = "com.apple.product-type.bundle.unit-test";
		};
		63619D7E2707DDF5000EF22D /* RxSwiftDemoUITests */ = {
			isa = PBXNativeTarget;
			buildConfigurationList = 63619D8E2707DDF6000EF22D /* Build configuration list for PBXNativeTarget "RxSwiftDemoUITests" */;
			buildPhases = (
				63619D7B2707DDF5000EF22D /* Sources */,
				63619D7C2707DDF5000EF22D /* Frameworks */,
				63619D7D2707DDF5000EF22D /* Resources */,
			);
			buildRules = (
			);
			dependencies = (
				63619D812707DDF5000EF22D /* PBXTargetDependency */,
			);
			name = RxSwiftDemoUITests;
			productName = RxSwiftDemoUITests;
			productReference = 63619D7F2707DDF5000EF22D /* RxSwiftDemoUITests.xctest */;
			productType = "com.apple.product-type.bundle.ui-testing";
		};
/* End PBXNativeTarget section */

/* Begin PBXProject section */
		63619D562707DDF1000EF22D /* Project object */ = {
			isa = PBXProject;
			attributes = {
				LastSwiftUpdateCheck = 1250;
				LastUpgradeCheck = 1250;
				TargetAttributes = {
					63619D5D2707DDF1000EF22D = {
						CreatedOnToolsVersion = 12.5.1;
					};
					63619D732707DDF5000EF22D = {
						CreatedOnToolsVersion = 12.5.1;
						TestTargetID = 63619D5D2707DDF1000EF22D;
					};
					63619D7E2707DDF5000EF22D = {
						CreatedOnToolsVersion = 12.5.1;
						TestTargetID = 63619D5D2707DDF1000EF22D;
					};
				};
			};
			buildConfigurationList = 63619D592707DDF1000EF22D /* Build configuration list for PBXProject "RxSwiftDemo" */;
			compatibilityVersion = "Xcode 9.3";
			developmentRegion = en;
			hasScannedForEncodings = 0;
			knownRegions = (
				en,
				Base,
			);
			mainGroup = 63619D552707DDF1000EF22D;
			productRefGroup = 63619D5F2707DDF1000EF22D /* Products */;
			projectDirPath = "";
			projectRoot = "";
			targets = (
				63619D5D2707DDF1000EF22D /* RxSwiftDemo */,
				63619D732707DDF5000EF22D /* RxSwiftDemoTests */,
				63619D7E2707DDF5000EF22D /* RxSwiftDemoUITests */,
			);
		};
/* End PBXProject section */

/* Begin PBXResourcesBuildPhase section */
		63619D5C2707DDF1000EF22D /* Resources */ = {
			isa = PBXResourcesBuildPhase;
			buildActionMask = 2147483647;
			files = (
				63619D6E2707DDF5000EF22D /* LaunchScreen.storyboard in Resources */,
				63619D6B2707DDF5000EF22D /* Assets.xcassets in Resources */,
				63619D692707DDF1000EF22D /* Main.storyboard in Resources */,
			);
			runOnlyForDeploymentPostprocessing = 0;
		};
		63619D722707DDF5000EF22D /* Resources */ = {
			isa = PBXResourcesBuildPhase;
			buildActionMask = 2147483647;
			files = (
			);
			runOnlyForDeploymentPostprocessing = 0;
		};
		63619D7D2707DDF5000EF22D /* Resources */ = {
			isa = PBXResourcesBuildPhase;
			buildActionMask = 2147483647;
			files = (
			);
			runOnlyForDeploymentPostprocessing = 0;
		};
/* End PBXResourcesBuildPhase section */

/* Begin PBXShellScriptBuildPhase section */
		D2365FC71A221B8FF2A0903E /* [CP] Embed Pods Frameworks */ = {
			isa = PBXShellScriptBuildPhase;
			buildActionMask = 2147483647;
			files = (
			);
			inputFileListPaths = (
				"${PODS_ROOT}/Target Support Files/Pods-RxSwiftDemo/Pods-RxSwiftDemo-frameworks-${CONFIGURATION}-input-files.xcfilelist",
			);
			name = "[CP] Embed Pods Frameworks";
			outputFileListPaths = (
				"${PODS_ROOT}/Target Support Files/Pods-RxSwiftDemo/Pods-RxSwiftDemo-frameworks-${CONFIGURATION}-output-files.xcfilelist",
			);
			runOnlyForDeploymentPostprocessing = 0;
			shellPath = /bin/sh;
			shellScript = "\"${PODS_ROOT}/Target Support Files/Pods-RxSwiftDemo/Pods-RxSwiftDemo-frameworks.sh\"\n";
			showEnvVarsInLog = 0;
		};
		E1524A970036C6393F793CC6 /* [CP] Check Pods Manifest.lock */ = {
			isa = PBXShellScriptBuildPhase;
			buildActionMask = 2147483647;
			files = (
			);
			inputFileListPaths = (
			);
			inputPaths = (
				"${PODS_PODFILE_DIR_PATH}/Podfile.lock",
				"${PODS_ROOT}/Manifest.lock",
			);
			name = "[CP] Check Pods Manifest.lock";
			outputFileListPaths = (
			);
			outputPaths = (
				"$(DERIVED_FILE_DIR)/Pods-RxSwiftDemo-checkManifestLockResult.txt",
			);
			runOnlyForDeploymentPostprocessing = 0;
			shellPath = /bin/sh;
			shellScript = "diff \"${PODS_PODFILE_DIR_PATH}/Podfile.lock\" \"${PODS_ROOT}/Manifest.lock\" > /dev/null\nif [ $? != 0 ] ; then\n    # print error to STDERR\n    echo \"error: The sandbox is not in sync with the Podfile.lock. Run 'pod install' or update your CocoaPods installation.\" >&2\n    exit 1\nfi\n# This output is used by Xcode 'outputs' to avoid re-running this script phase.\necho \"SUCCESS\" > \"${SCRIPT_OUTPUT_FILE_0}\"\n";
			showEnvVarsInLog = 0;
		};
/* End PBXShellScriptBuildPhase section */

/* Begin PBXSourcesBuildPhase section */
		63619D5A2707DDF1000EF22D /* Sources */ = {
			isa = PBXSourcesBuildPhase;
			buildActionMask = 2147483647;
			files = (
				63619D662707DDF1000EF22D /* ViewController.swift in Sources */,
				63619D622707DDF1000EF22D /* AppDelegate.swift in Sources */,
				63619D642707DDF1000EF22D /* SceneDelegate.swift in Sources */,
			);
			runOnlyForDeploymentPostprocessing = 0;
		};
		63619D702707DDF5000EF22D /* Sources */ = {
			isa = PBXSourcesBuildPhase;
			buildActionMask = 2147483647;
			files = (
				63619D792707DDF5000EF22D /* RxSwiftDemoTests.swift in Sources */,
			);
			runOnlyForDeploymentPostprocessing = 0;
		};
		63619D7B2707DDF5000EF22D /* Sources */ = {
			isa = PBXSourcesBuildPhase;
			buildActionMask = 2147483647;
			files = (
				63619D842707DDF5000EF22D /* RxSwiftDemoUITests.swift in Sources */,
			);
			runOnlyForDeploymentPostprocessing = 0;
		};
/* End PBXSourcesBuildPhase section */

/* Begin PBXTargetDependency section */
		63619D762707DDF5000EF22D /* PBXTargetDependency */ = {
			isa = PBXTargetDependency;
			target = 63619D5D2707DDF1000EF22D /* RxSwiftDemo */;
			targetProxy = 63619D752707DDF5000EF22D /* PBXContainerItemProxy */;
		};
		63619D812707DDF5000EF22D /* PBXTargetDependency */ = {
			isa = PBXTargetDependency;
			target = 63619D5D2707DDF1000EF22D /* RxSwiftDemo */;
			targetProxy = 63619D802707DDF5000EF22D /* PBXContainerItemProxy */;
		};
/* End PBXTargetDependency section */

/* Begin PBXVariantGroup section */
		63619D672707DDF1000EF22D /* Main.storyboard */ = {
			isa = PBXVariantGroup;
			children = (
				63619D682707DDF1000EF22D /* Base */,
			);
			name = Main.storyboard;
			sourceTree = "<group>";
		};
		63619D6C2707DDF5000EF22D /* LaunchScreen.storyboard */ = {
			isa = PBXVariantGroup;
			children = (
				63619D6D2707DDF5000EF22D /* Base */,
			);
			name = LaunchScreen.storyboard;
			sourceTree = "<group>";
		};
/* End PBXVariantGroup section */

/* Begin XCBuildConfiguration section */
		63619D862707DDF6000EF22D /* Debug */ = {
			isa = XCBuildConfiguration;
			buildSettings = {
				ALWAYS_SEARCH_USER_PATHS = NO;
				CLANG_ANALYZER_NONNULL = YES;
				CLANG_ANALYZER_NUMBER_OBJECT_CONVERSION = YES_AGGRESSIVE;
				CLANG_CXX_LANGUAGE_STANDARD = "gnu++14";
				CLANG_CXX_LIBRARY = "libc++";
				CLANG_ENABLE_MODULES = YES;
				CLANG_ENABLE_OBJC_ARC = YES;
				CLANG_ENABLE_OBJC_WEAK = YES;
				CLANG_WARN_BLOCK_CAPTURE_AUTORELEASING = YES;
				CLANG_WARN_BOOL_CONVERSION = YES;
				CLANG_WARN_COMMA = YES;
				CLANG_WARN_CONSTANT_CONVERSION = YES;
				CLANG_WARN_DEPRECATED_OBJC_IMPLEMENTATIONS = YES;
				CLANG_WARN_DIRECT_OBJC_ISA_USAGE = YES_ERROR;
				CLANG_WARN_DOCUMENTATION_COMMENTS = YES;
				CLANG_WARN_EMPTY_BODY = YES;
				CLANG_WARN_ENUM_CONVERSION = YES;
				CLANG_WARN_INFINITE_RECURSION = YES;
				CLANG_WARN_INT_CONVERSION = YES;
				CLANG_WARN_NON_LITERAL_NULL_CONVERSION = YES;
				CLANG_WARN_OBJC_IMPLICIT_RETAIN_SELF = YES;
				CLANG_WARN_OBJC_LITERAL_CONVERSION = YES;
				CLANG_WARN_OBJC_ROOT_CLASS = YES_ERROR;
				CLANG_WARN_QUOTED_INCLUDE_IN_FRAMEWORK_HEADER = YES;
				CLANG_WARN_RANGE_LOOP_ANALYSIS = YES;
				CLANG_WARN_STRICT_PROTOTYPES = YES;
				CLANG_WARN_SUSPICIOUS_MOVE = YES;
				CLANG_WARN_UNGUARDED_AVAILABILITY = YES_AGGRESSIVE;
				CLANG_WARN_UNREACHABLE_CODE = YES;
				CLANG_WARN__DUPLICATE_METHOD_MATCH = YES;
				COPY_PHASE_STRIP = NO;
				DEBUG_INFORMATION_FORMAT = dwarf;
				ENABLE_STRICT_OBJC_MSGSEND = YES;
				ENABLE_TESTABILITY = YES;
				GCC_C_LANGUAGE_STANDARD = gnu11;
				GCC_DYNAMIC_NO_PIC = NO;
				GCC_NO_COMMON_BLOCKS = YES;
				GCC_OPTIMIZATION_LEVEL = 0;
				GCC_PREPROCESSOR_DEFINITIONS = (
					"DEBUG=1",
					"$(inherited)",
				);
				GCC_WARN_64_TO_32_BIT_CONVERSION = YES;
				GCC_WARN_ABOUT_RETURN_TYPE = YES_ERROR;
				GCC_WARN_UNDECLARED_SELECTOR = YES;
				GCC_WARN_UNINITIALIZED_AUTOS = YES_AGGRESSIVE;
				GCC_WARN_UNUSED_FUNCTION = YES;
				GCC_WARN_UNUSED_VARIABLE = YES;
				IPHONEOS_DEPLOYMENT_TARGET = 14.5;
				MTL_ENABLE_DEBUG_INFO = INCLUDE_SOURCE;
				MTL_FAST_MATH = YES;
				ONLY_ACTIVE_ARCH = YES;
				SDKROOT = iphoneos;
				SWIFT_ACTIVE_COMPILATION_CONDITIONS = DEBUG;
				SWIFT_OPTIMIZATION_LEVEL = "-Onone";
			};
			name = Debug;
		};
		63619D872707DDF6000EF22D /* Release */ = {
			isa = XCBuildConfiguration;
			buildSettings = {
				ALWAYS_SEARCH_USER_PATHS = NO;
				CLANG_ANALYZER_NONNULL = YES;
				CLANG_ANALYZER_NUMBER_OBJECT_CONVERSION = YES_AGGRESSIVE;
				CLANG_CXX_LANGUAGE_STANDARD = "gnu++14";
				CLANG_CXX_LIBRARY = "libc++";
				CLANG_ENABLE_MODULES = YES;
				CLANG_ENABLE_OBJC_ARC = YES;
				CLANG_ENABLE_OBJC_WEAK = YES;
				CLANG_WARN_BLOCK_CAPTURE_AUTORELEASING = YES;
				CLANG_WARN_BOOL_CONVERSION = YES;
				CLANG_WARN_COMMA = YES;
				CLANG_WARN_CONSTANT_CONVERSION = YES;
				CLANG_WARN_DEPRECATED_OBJC_IMPLEMENTATIONS = YES;
				CLANG_WARN_DIRECT_OBJC_ISA_USAGE = YES_ERROR;
				CLANG_WARN_DOCUMENTATION_COMMENTS = YES;
				CLANG_WARN_EMPTY_BODY = YES;
				CLANG_WARN_ENUM_CONVERSION = YES;
				CLANG_WARN_INFINITE_RECURSION = YES;
				CLANG_WARN_INT_CONVERSION = YES;
				CLANG_WARN_NON_LITERAL_NULL_CONVERSION = YES;
				CLANG_WARN_OBJC_IMPLICIT_RETAIN_SELF = YES;
				CLANG_WARN_OBJC_LITERAL_CONVERSION = YES;
				CLANG_WARN_OBJC_ROOT_CLASS = YES_ERROR;
				CLANG_WARN_QUOTED_INCLUDE_IN_FRAMEWORK_HEADER = YES;
				CLANG_WARN_RANGE_LOOP_ANALYSIS = YES;
				CLANG_WARN_STRICT_PROTOTYPES = YES;
				CLANG_WARN_SUSPICIOUS_MOVE = YES;
				CLANG_WARN_UNGUARDED_AVAILABILITY = YES_AGGRESSIVE;
				CLANG_WARN_UNREACHABLE_CODE = YES;
				CLANG_WARN__DUPLICATE_METHOD_MATCH = YES;
				COPY_PHASE_STRIP = NO;
				DEBUG_INFORMATION_FORMAT = "dwarf-with-dsym";
				ENABLE_NS_ASSERTIONS = NO;
				ENABLE_STRICT_OBJC_MSGSEND = YES;
				GCC_C_LANGUAGE_STANDARD = gnu11;
				GCC_NO_COMMON_BLOCKS = YES;
				GCC_WARN_64_TO_32_BIT_CONVERSION = YES;
				GCC_WARN_ABOUT_RETURN_TYPE = YES_ERROR;
				GCC_WARN_UNDECLARED_SELECTOR = YES;
				GCC_WARN_UNINITIALIZED_AUTOS = YES_AGGRESSIVE;
				GCC_WARN_UNUSED_FUNCTION = YES;
				GCC_WARN_UNUSED_VARIABLE = YES;
				IPHONEOS_DEPLOYMENT_TARGET = 14.5;
				MTL_ENABLE_DEBUG_INFO = NO;
				MTL_FAST_MATH = YES;
				SDKROOT = iphoneos;
				SWIFT_COMPILATION_MODE = wholemodule;
				SWIFT_OPTIMIZATION_LEVEL = "-O";
				VALIDATE_PRODUCT = YES;
			};
			name = Release;
		};
		63619D892707DDF6000EF22D /* Debug */ = {
			isa = XCBuildConfiguration;
			baseConfigurationReference = C112B172612D47EF599D8C96 /* Pods-RxSwiftDemo.debug.xcconfig */;
			buildSettings = {
				ASSETCATALOG_COMPILER_APPICON_NAME = AppIcon;
				ASSETCATALOG_COMPILER_GLOBAL_ACCENT_COLOR_NAME = AccentColor;
				CODE_SIGN_STYLE = Automatic;
				DEVELOPMENT_TEAM = ZH94MS6XZ3;
				INFOPLIST_FILE = RxSwiftDemo/Info.plist;
				LD_RUNPATH_SEARCH_PATHS = (
					"$(inherited)",
					"@executable_path/Frameworks",
				);
				PRODUCT_BUNDLE_IDENTIFIER = com.bianrongqiang.RxSwiftDemo;
				PRODUCT_NAME = "$(TARGET_NAME)";
				SWIFT_VERSION = 5.0;
				TARGETED_DEVICE_FAMILY = "1,2";
			};
			name = Debug;
		};
		63619D8A2707DDF6000EF22D /* Release */ = {
			isa = XCBuildConfiguration;
			baseConfigurationReference = 6DCCDDBA3CEEB7E5D99E4B32 /* Pods-RxSwiftDemo.release.xcconfig */;
			buildSettings = {
				ASSETCATALOG_COMPILER_APPICON_NAME = AppIcon;
				ASSETCATALOG_COMPILER_GLOBAL_ACCENT_COLOR_NAME = AccentColor;
				CODE_SIGN_STYLE = Automatic;
				DEVELOPMENT_TEAM = ZH94MS6XZ3;
				INFOPLIST_FILE = RxSwiftDemo/Info.plist;
				LD_RUNPATH_SEARCH_PATHS = (
					"$(inherited)",
					"@executable_path/Frameworks",
				);
				PRODUCT_BUNDLE_IDENTIFIER = com.bianrongqiang.RxSwiftDemo;
				PRODUCT_NAME = "$(TARGET_NAME)";
				SWIFT_VERSION = 5.0;
				TARGETED_DEVICE_FAMILY = "1,2";
			};
			name = Release;
		};
		63619D8C2707DDF6000EF22D /* Debug */ = {
			isa = XCBuildConfiguration;
			buildSettings = {
				ALWAYS_EMBED_SWIFT_STANDARD_LIBRARIES = YES;
				BUNDLE_LOADER = "$(TEST_HOST)";
				CODE_SIGN_STYLE = Automatic;
				DEVELOPMENT_TEAM = ZH94MS6XZ3;
				INFOPLIST_FILE = RxSwiftDemoTests/Info.plist;
				IPHONEOS_DEPLOYMENT_TARGET = 14.5;
				LD_RUNPATH_SEARCH_PATHS = (
					"$(inherited)",
					"@executable_path/Frameworks",
					"@loader_path/Frameworks",
				);
				PRODUCT_BUNDLE_IDENTIFIER = com.bianrongqiang.RxSwiftDemoTests;
				PRODUCT_NAME = "$(TARGET_NAME)";
				SWIFT_VERSION = 5.0;
				TARGETED_DEVICE_FAMILY = "1,2";
				TEST_HOST = "$(BUILT_PRODUCTS_DIR)/RxSwiftDemo.app/RxSwiftDemo";
			};
			name = Debug;
		};
		63619D8D2707DDF6000EF22D /* Release */ = {
			isa = XCBuildConfiguration;
			buildSettings = {
				ALWAYS_EMBED_SWIFT_STANDARD_LIBRARIES = YES;
				BUNDLE_LOADER = "$(TEST_HOST)";
				CODE_SIGN_STYLE = Automatic;
				DEVELOPMENT_TEAM = ZH94MS6XZ3;
				INFOPLIST_FILE = RxSwiftDemoTests/Info.plist;
				IPHONEOS_DEPLOYMENT_TARGET = 14.5;
				LD_RUNPATH_SEARCH_PATHS = (
					"$(inherited)",
					"@executable_path/Frameworks",
					"@loader_path/Frameworks",
				);
				PRODUCT_BUNDLE_IDENTIFIER = com.bianrongqiang.RxSwiftDemoTests;
				PRODUCT_NAME = "$(TARGET_NAME)";
				SWIFT_VERSION = 5.0;
				TARGETED_DEVICE_FAMILY = "1,2";
				TEST_HOST = "$(BUILT_PRODUCTS_DIR)/RxSwiftDemo.app/RxSwiftDemo";
			};
			name = Release;
		};
		63619D8F2707DDF6000EF22D /* Debug */ = {
			isa = XCBuildConfiguration;
			buildSettings = {
				ALWAYS_EMBED_SWIFT_STANDARD_LIBRARIES = YES;
				CODE_SIGN_STYLE = Automatic;
				DEVELOPMENT_TEAM = ZH94MS6XZ3;
				INFOPLIST_FILE = RxSwiftDemoUITests/Info.plist;
				LD_RUNPATH_SEARCH_PATHS = (
					"$(inherited)",
					"@executable_path/Frameworks",
					"@loader_path/Frameworks",
				);
				PRODUCT_BUNDLE_IDENTIFIER = com.bianrongqiang.RxSwiftDemoUITests;
				PRODUCT_NAME = "$(TARGET_NAME)";
				SWIFT_VERSION = 5.0;
				TARGETED_DEVICE_FAMILY = "1,2";
				TEST_TARGET_NAME = RxSwiftDemo;
			};
			name = Debug;
		};
		63619D902707DDF6000EF22D /* Release */ = {
			isa = XCBuildConfiguration;
			buildSettings = {
				ALWAYS_EMBED_SWIFT_STANDARD_LIBRARIES = YES;
				CODE_SIGN_STYLE = Automatic;
				DEVELOPMENT_TEAM = ZH94MS6XZ3;
				INFOPLIST_FILE = RxSwiftDemoUITests/Info.plist;
				LD_RUNPATH_SEARCH_PATHS = (
					"$(inherited)",
					"@executable_path/Frameworks",
					"@loader_path/Frameworks",
				);
				PRODUCT_BUNDLE_IDENTIFIER = com.bianrongqiang.RxSwiftDemoUITests;
				PRODUCT_NAME = "$(TARGET_NAME)";
				SWIFT_VERSION = 5.0;
				TARGETED_DEVICE_FAMILY = "1,2";
				TEST_TARGET_NAME = RxSwiftDemo;
			};
			name = Release;
		};
/* End XCBuildConfiguration section */

/* Begin XCConfigurationList section */
		63619D592707DDF1000EF22D /* Build configuration list for PBXProject "RxSwiftDemo" */ = {
			isa = XCConfigurationList;
			buildConfigurations = (
				63619D862707DDF6000EF22D /* Debug */,
				63619D872707DDF6000EF22D /* Release */,
			);
			defaultConfigurationIsVisible = 0;
			defaultConfigurationName = Release;
		};
		63619D882707DDF6000EF22D /* Build configuration list for PBXNativeTarget "RxSwiftDemo" */ = {
			isa = XCConfigurationList;
			buildConfigurations = (
				63619D892707DDF6000EF22D /* Debug */,
				63619D8A2707DDF6000EF22D /* Release */,
			);
			defaultConfigurationIsVisible = 0;
			defaultConfigurationName = Release;
		};
		63619D8B2707DDF6000EF22D /* Build configuration list for PBXNativeTarget "RxSwiftDemoTests" */ = {
			isa = XCConfigurationList;
			buildConfigurations = (
				63619D8C2707DDF6000EF22D /* Debug */,
				63619D8D2707DDF6000EF22D /* Release */,
			);
			defaultConfigurationIsVisible = 0;
			defaultConfigurationName = Release;
		};
		63619D8E2707DDF6000EF22D /* Build configuration list for PBXNativeTarget "RxSwiftDemoUITests" */ = {
			isa = XCConfigurationList;
			buildConfigurations = (
				63619D8F2707DDF6000EF22D /* Debug */,
				63619D902707DDF6000EF22D /* Release */,
			);
			defaultConfigurationIsVisible = 0;
			defaultConfigurationName = Release;
		};
/* End XCConfigurationList section */
	};
	rootObject = 63619D562707DDF1000EF22D /* Project object */;
}
